
Microsoft Visual Studio Solution File, Format Version 12.00
# Visual Studio Version 16
VisualStudioVersion = 16.0.29613.14
MinimumVisualStudioVersion = 10.0.40219.1
Project("{9A19103F-16F7-4668-BE54-9A1E7A4F7556}") = "SplatNet2.Net.Monitor", "SplatnetMonitor\SplatNet2.Net.Monitor.csproj", "{6A201118-BFB3-4289-B954-6F0176C7C05E}"
EndProject
Project("{9A19103F-16F7-4668-BE54-9A1E7A4F7556}") = "SplatNet2.Net.Api", "SplatNet2.Net.Api\SplatNet2.Net.Api.csproj", "{C0D296BC-E03D-4DE9-BAB2-DFBA832FA72E}"
EndProject
Project("{9A19103F-16F7-4668-BE54-9A1E7A4F7556}") = "Annaki", "Annaki\Annaki.csproj", "{144DABCD-9C2F-4DD6-8D4C-3CB156F9F351}"
EndProject
Project("{9A19103F-16F7-4668-BE54-9A1E7A4F7556}") = "Annaki.Web", "Annaki.Web\Annaki.Web.csproj", "{425F2171-62DF-4011-A6D0-C5DB444CBD42}"
EndProject
Global
	GlobalSection(SolutionConfigurationPlatforms) = preSolution
		Debug|Any CPU = Debug|Any CPU
		Release|Any CPU = Release|Any CPU
	EndGlobalSection
	GlobalSection(ProjectConfigurationPlatforms) = postSolution
		{6A201118-BFB3-4289-B954-6F0176C7C05E}.Debug|Any CPU.ActiveCfg = Debug|Any CPU
		{6A201118-BFB3-4289-B954-6F0176C7C05E}.Debug|Any CPU.Build.0 = Debug|Any CPU
		{6A201118-BFB3-4289-B954-6F0176C7C05E}.Release|Any CPU.ActiveCfg = Release|Any CPU
		{6A201118-BFB3-4289-B954-6F0176C7C05E}.Release|Any CPU.Build.0 = Release|Any CPU
		{C0D296BC-E03D-4DE9-BAB2-DFBA832FA72E}.Debug|Any CPU.ActiveCfg = Debug|Any CPU
		{C0D296BC-E03D-4DE9-BAB2-DFBA832FA72E}.Debug|Any CPU.Build.0 = Debug|Any CPU
		{C0D296BC-E03D-4DE9-BAB2-DFBA832FA72E}.Release|Any CPU.ActiveCfg = Release|Any CPU
		{C0D296BC-E03D-4DE9-BAB2-DFBA832FA72E}.Release|Any CPU.Build.0 = Release|Any CPU
		{144DABCD-9C2F-4DD6-8D4C-3CB156F9F351}.Debug|Any CPU.ActiveCfg = Debug|Any CPU
		{144DABCD-9C2F-4DD6-8D4C-3CB156F9F351}.Debug|Any CPU.Build.0 = Debug|Any CPU
		{144DABCD-9C2F-4DD6-8D4C-3CB156F9F351}.Release|Any CPU.ActiveCfg = Release|Any CPU
		{144DABCD-9C2F-4DD6-8D4C-3CB156F9F351}.Release|Any CPU.Build.0 = Release|Any CPU
		{425F2171-62DF-4011-A6D0-C5DB444CBD42}.Debug|Any CPU.ActiveCfg = Debug|Any CPU
		{425F2171-62DF-4011-A6D0-C5DB444CBD42}.Debug|Any CPU.Build.0 = Debug|Any CPU
		{425F2171-62DF-4011-A6D0-C5DB444CBD42}.Release|Any CPU.ActiveCfg = Release|Any CPU
		{425F2171-62DF-4011-A6D0-C5DB444CBD42}.Release|Any CPU.Build.0 = Release|Any CPU
	EndGlobalSection
	GlobalSection(SolutionProperties) = preSolution
		HideSolutionNode = FALSE
	EndGlobalSection
	GlobalSection(ExtensibilityGlobals) = postSolution
		SolutionGuid = {9E108765-8039-4A81-B671-029ABFEE77E3}
	EndGlobalSection
EndGlobal
